
Microsoft Visual Studio Solution File, Format Version 12.00
# Visual Studio Version 17
VisualStudioVersion = 17.12.35527.113 d17.12
MinimumVisualStudioVersion = 10.0.40219.1
Project("{FAE04EC0-301F-11D3-BF4B-00C04F79EFBC}") = "FinalProject.DAL", "FinalProject.DAL\FinalProject.DAL.csproj", "{C6D60121-ABC3-4B97-AD7D-8684F27CE89F}"
EndProject
Project("{FAE04EC0-301F-11D3-BF4B-00C04F79EFBC}") = "FinalProject.BL", "FinalProject.BL\FinalProject.BL.csproj", "{58FC5178-D884-4C68-9FDB-9D54C3EB2B2C}"
EndProject
Project("{FAE04EC0-301F-11D3-BF4B-00C04F79EFBC}") = "FinalProject.MVC", "FinalProject.MVC\FinalProject.MVC.csproj", "{D40F83BF-01DB-41B4-9088-881B63E5B159}"
EndProject
Global
	GlobalSection(SolutionConfigurationPlatforms) = preSolution
		Debug|Any CPU = Debug|Any CPU
		Release|Any CPU = Release|Any CPU
	EndGlobalSection
	GlobalSection(ProjectConfigurationPlatforms) = postSolution
		{C6D60121-ABC3-4B97-AD7D-8684F27CE89F}.Debug|Any CPU.ActiveCfg = Debug|Any CPU
		{C6D60121-ABC3-4B97-AD7D-8684F27CE89F}.Debug|Any CPU.Build.0 = Debug|Any CPU
		{C6D60121-ABC3-4B97-AD7D-8684F27CE89F}.Release|Any CPU.ActiveCfg = Release|Any CPU
		{C6D60121-ABC3-4B97-AD7D-8684F27CE89F}.Release|Any CPU.Build.0 = Release|Any CPU
		{58FC5178-D884-4C68-9FDB-9D54C3EB2B2C}.Debug|Any CPU.ActiveCfg = Debug|Any CPU
		{58FC5178-D884-4C68-9FDB-9D54C3EB2B2C}.Debug|Any CPU.Build.0 = Debug|Any CPU
		{58FC5178-D884-4C68-9FDB-9D54C3EB2B2C}.Release|Any CPU.ActiveCfg = Release|Any CPU
		{58FC5178-D884-4C68-9FDB-9D54C3EB2B2C}.Release|Any CPU.Build.0 = Release|Any CPU
		{D40F83BF-01DB-41B4-9088-881B63E5B159}.Debug|Any CPU.ActiveCfg = Debug|Any CPU
		{D40F83BF-01DB-41B4-9088-881B63E5B159}.Debug|Any CPU.Build.0 = Debug|Any CPU
		{D40F83BF-01DB-41B4-9088-881B63E5B159}.Release|Any CPU.ActiveCfg = Release|Any CPU
		{D40F83BF-01DB-41B4-9088-881B63E5B159}.Release|Any CPU.Build.0 = Release|Any CPU
	EndGlobalSection
	GlobalSection(SolutionProperties) = preSolution
		HideSolutionNode = FALSE
	EndGlobalSection
EndGlobal
